
Microsoft Visual Studio Solution File, Format Version 12.00
# Visual Studio Version 16
VisualStudioVersion = 16.0.31313.79
MinimumVisualStudioVersion = 10.0.40219.1
Project("{FAE04EC0-301F-11D3-BF4B-00C04F79EFBC}") = "Ex 1", "Ex 1\Ex 1.csproj", "{2E2A6B25-3A32-4DE8-83F2-8B2DFDDA8E37}"
EndProject
Global
	GlobalSection(SolutionConfigurationPlatforms) = preSolution
		Debug|Any CPU = Debug|Any CPU
		Release|Any CPU = Release|Any CPU
	EndGlobalSection
	GlobalSection(ProjectConfigurationPlatforms) = postSolution
		{2E2A6B25-3A32-4DE8-83F2-8B2DFDDA8E37}.Debug|Any CPU.ActiveCfg = Debug|Any CPU
		{2E2A6B25-3A32-4DE8-83F2-8B2DFDDA8E37}.Debug|Any CPU.Build.0 = Debug|Any CPU
		{2E2A6B25-3A32-4DE8-83F2-8B2DFDDA8E37}.Release|Any CPU.ActiveCfg = Release|Any CPU
		{2E2A6B25-3A32-4DE8-83F2-8B2DFDDA8E37}.Release|Any CPU.Build.0 = Release|Any CPU
	EndGlobalSection
	GlobalSection(SolutionProperties) = preSolution
		HideSolutionNode = FALSE
	EndGlobalSection
	GlobalSection(ExtensibilityGlobals) = postSolution
		SolutionGuid = {377C41F2-B583-46EF-8636-91BFF2C208EB}
	EndGlobalSection
EndGlobal
