
Microsoft Visual Studio Solution File, Format Version 12.00
# Visual Studio Version 16
VisualStudioVersion = 16.0.30717.126
MinimumVisualStudioVersion = 10.0.40219.1
Project("{FAE04EC0-301F-11D3-BF4B-00C04F79EFBC}") = "EX1", "EX1\EX1.csproj", "{B5F9849B-36D6-4FB1-ADDE-6CC513F73F68}"
EndProject
Global
	GlobalSection(SolutionConfigurationPlatforms) = preSolution
		Debug|Any CPU = Debug|Any CPU
		Release|Any CPU = Release|Any CPU
	EndGlobalSection
	GlobalSection(ProjectConfigurationPlatforms) = postSolution
		{B5F9849B-36D6-4FB1-ADDE-6CC513F73F68}.Debug|Any CPU.ActiveCfg = Debug|Any CPU
		{B5F9849B-36D6-4FB1-ADDE-6CC513F73F68}.Debug|Any CPU.Build.0 = Debug|Any CPU
		{B5F9849B-36D6-4FB1-ADDE-6CC513F73F68}.Release|Any CPU.ActiveCfg = Release|Any CPU
		{B5F9849B-36D6-4FB1-ADDE-6CC513F73F68}.Release|Any CPU.Build.0 = Release|Any CPU
	EndGlobalSection
	GlobalSection(SolutionProperties) = preSolution
		HideSolutionNode = FALSE
	EndGlobalSection
	GlobalSection(ExtensibilityGlobals) = postSolution
		SolutionGuid = {CF5D42BF-0938-4589-8BF0-CD31709119B4}
	EndGlobalSection
EndGlobal
