
Microsoft Visual Studio Solution File, Format Version 12.00
# Visual Studio Version 16
VisualStudioVersion = 16.0.30413.136
MinimumVisualStudioVersion = 10.0.40219.1
Project("{FAE04EC0-301F-11D3-BF4B-00C04F79EFBC}") = "EX1", "EX1\EX1.csproj", "{AEC938C4-3274-4FA8-98ED-6D5052B9C2C6}"
EndProject
Project("{FAE04EC0-301F-11D3-BF4B-00C04F79EFBC}") = "EX2", "EX2\EX2.csproj", "{F017C269-81FA-41A1-A6C4-43AF29EC5787}"
EndProject
Project("{FAE04EC0-301F-11D3-BF4B-00C04F79EFBC}") = "EX3", "EX3\EX3.csproj", "{0EA227B4-9E3D-43E3-B229-5739F5F1CC61}"
EndProject
Project("{FAE04EC0-301F-11D3-BF4B-00C04F79EFBC}") = "EX4", "EX4\EX4.csproj", "{57E7680E-1AB5-4A28-B99A-1183D1F102BA}"
EndProject
Project("{FAE04EC0-301F-11D3-BF4B-00C04F79EFBC}") = "EX5", "EX5\EX5.csproj", "{D3B1D917-1A25-44B0-A7EE-9E4E0EF5A0F6}"
EndProject
Project("{FAE04EC0-301F-11D3-BF4B-00C04F79EFBC}") = "EX6", "EX6\EX6.csproj", "{9F11B111-6969-4B2C-8DD7-454983B9FA2D}"
EndProject
Project("{FAE04EC0-301F-11D3-BF4B-00C04F79EFBC}") = "EX7", "EX7\EX7.csproj", "{8D663623-F9C5-49DE-B975-E705852AF99D}"
EndProject
Project("{FAE04EC0-301F-11D3-BF4B-00C04F79EFBC}") = "EX8", "EX8\EX8.csproj", "{628CDC23-82D6-4D37-98B9-CB8BF9360B5F}"
EndProject
Project("{FAE04EC0-301F-11D3-BF4B-00C04F79EFBC}") = "EX10", "EX10\EX10.csproj", "{59AB53E5-2677-4B04-8128-6DAD08D82273}"
EndProject
Project("{FAE04EC0-301F-11D3-BF4B-00C04F79EFBC}") = "EX11", "EX11\EX11.csproj", "{7C0939E7-7998-4FC1-90F7-ED8A07085297}"
EndProject
Project("{FAE04EC0-301F-11D3-BF4B-00C04F79EFBC}") = "EX12", "EX12\EX12.csproj", "{5085E166-0DCA-406D-B2D3-ADB324638B35}"
EndProject
Project("{FAE04EC0-301F-11D3-BF4B-00C04F79EFBC}") = "EX13", "EX13\EX13.csproj", "{AE706706-BF9C-48DF-8986-3D21F72DCDFA}"
EndProject
Global
	GlobalSection(SolutionConfigurationPlatforms) = preSolution
		Debug|Any CPU = Debug|Any CPU
		Release|Any CPU = Release|Any CPU
	EndGlobalSection
	GlobalSection(ProjectConfigurationPlatforms) = postSolution
		{AEC938C4-3274-4FA8-98ED-6D5052B9C2C6}.Debug|Any CPU.ActiveCfg = Debug|Any CPU
		{AEC938C4-3274-4FA8-98ED-6D5052B9C2C6}.Debug|Any CPU.Build.0 = Debug|Any CPU
		{AEC938C4-3274-4FA8-98ED-6D5052B9C2C6}.Release|Any CPU.ActiveCfg = Release|Any CPU
		{AEC938C4-3274-4FA8-98ED-6D5052B9C2C6}.Release|Any CPU.Build.0 = Release|Any CPU
		{F017C269-81FA-41A1-A6C4-43AF29EC5787}.Debug|Any CPU.ActiveCfg = Debug|Any CPU
		{F017C269-81FA-41A1-A6C4-43AF29EC5787}.Debug|Any CPU.Build.0 = Debug|Any CPU
		{F017C269-81FA-41A1-A6C4-43AF29EC5787}.Release|Any CPU.ActiveCfg = Release|Any CPU
		{F017C269-81FA-41A1-A6C4-43AF29EC5787}.Release|Any CPU.Build.0 = Release|Any CPU
		{0EA227B4-9E3D-43E3-B229-5739F5F1CC61}.Debug|Any CPU.ActiveCfg = Debug|Any CPU
		{0EA227B4-9E3D-43E3-B229-5739F5F1CC61}.Debug|Any CPU.Build.0 = Debug|Any CPU
		{0EA227B4-9E3D-43E3-B229-5739F5F1CC61}.Release|Any CPU.ActiveCfg = Release|Any CPU
		{0EA227B4-9E3D-43E3-B229-5739F5F1CC61}.Release|Any CPU.Build.0 = Release|Any CPU
		{57E7680E-1AB5-4A28-B99A-1183D1F102BA}.Debug|Any CPU.ActiveCfg = Debug|Any CPU
		{57E7680E-1AB5-4A28-B99A-1183D1F102BA}.Debug|Any CPU.Build.0 = Debug|Any CPU
		{57E7680E-1AB5-4A28-B99A-1183D1F102BA}.Release|Any CPU.ActiveCfg = Release|Any CPU
		{57E7680E-1AB5-4A28-B99A-1183D1F102BA}.Release|Any CPU.Build.0 = Release|Any CPU
		{D3B1D917-1A25-44B0-A7EE-9E4E0EF5A0F6}.Debug|Any CPU.ActiveCfg = Debug|Any CPU
		{D3B1D917-1A25-44B0-A7EE-9E4E0EF5A0F6}.Debug|Any CPU.Build.0 = Debug|Any CPU
		{D3B1D917-1A25-44B0-A7EE-9E4E0EF5A0F6}.Release|Any CPU.ActiveCfg = Release|Any CPU
		{D3B1D917-1A25-44B0-A7EE-9E4E0EF5A0F6}.Release|Any CPU.Build.0 = Release|Any CPU
		{9F11B111-6969-4B2C-8DD7-454983B9FA2D}.Debug|Any CPU.ActiveCfg = Debug|Any CPU
		{9F11B111-6969-4B2C-8DD7-454983B9FA2D}.Debug|Any CPU.Build.0 = Debug|Any CPU
		{9F11B111-6969-4B2C-8DD7-454983B9FA2D}.Release|Any CPU.ActiveCfg = Release|Any CPU
		{9F11B111-6969-4B2C-8DD7-454983B9FA2D}.Release|Any CPU.Build.0 = Release|Any CPU
		{8D663623-F9C5-49DE-B975-E705852AF99D}.Debug|Any CPU.ActiveCfg = Debug|Any CPU
		{8D663623-F9C5-49DE-B975-E705852AF99D}.Debug|Any CPU.Build.0 = Debug|Any CPU
		{8D663623-F9C5-49DE-B975-E705852AF99D}.Release|Any CPU.ActiveCfg = Release|Any CPU
		{8D663623-F9C5-49DE-B975-E705852AF99D}.Release|Any CPU.Build.0 = Release|Any CPU
		{628CDC23-82D6-4D37-98B9-CB8BF9360B5F}.Debug|Any CPU.ActiveCfg = Debug|Any CPU
		{628CDC23-82D6-4D37-98B9-CB8BF9360B5F}.Debug|Any CPU.Build.0 = Debug|Any CPU
		{628CDC23-82D6-4D37-98B9-CB8BF9360B5F}.Release|Any CPU.ActiveCfg = Release|Any CPU
		{628CDC23-82D6-4D37-98B9-CB8BF9360B5F}.Release|Any CPU.Build.0 = Release|Any CPU
		{59AB53E5-2677-4B04-8128-6DAD08D82273}.Debug|Any CPU.ActiveCfg = Debug|Any CPU
		{59AB53E5-2677-4B04-8128-6DAD08D82273}.Debug|Any CPU.Build.0 = Debug|Any CPU
		{59AB53E5-2677-4B04-8128-6DAD08D82273}.Release|Any CPU.ActiveCfg = Release|Any CPU
		{59AB53E5-2677-4B04-8128-6DAD08D82273}.Release|Any CPU.Build.0 = Release|Any CPU
		{7C0939E7-7998-4FC1-90F7-ED8A07085297}.Debug|Any CPU.ActiveCfg = Debug|Any CPU
		{7C0939E7-7998-4FC1-90F7-ED8A07085297}.Debug|Any CPU.Build.0 = Debug|Any CPU
		{7C0939E7-7998-4FC1-90F7-ED8A07085297}.Release|Any CPU.ActiveCfg = Release|Any CPU
		{7C0939E7-7998-4FC1-90F7-ED8A07085297}.Release|Any CPU.Build.0 = Release|Any CPU
		{5085E166-0DCA-406D-B2D3-ADB324638B35}.Debug|Any CPU.ActiveCfg = Debug|Any CPU
		{5085E166-0DCA-406D-B2D3-ADB324638B35}.Debug|Any CPU.Build.0 = Debug|Any CPU
		{5085E166-0DCA-406D-B2D3-ADB324638B35}.Release|Any CPU.ActiveCfg = Release|Any CPU
		{5085E166-0DCA-406D-B2D3-ADB324638B35}.Release|Any CPU.Build.0 = Release|Any CPU
		{AE706706-BF9C-48DF-8986-3D21F72DCDFA}.Debug|Any CPU.ActiveCfg = Debug|Any CPU
		{AE706706-BF9C-48DF-8986-3D21F72DCDFA}.Debug|Any CPU.Build.0 = Debug|Any CPU
		{AE706706-BF9C-48DF-8986-3D21F72DCDFA}.Release|Any CPU.ActiveCfg = Release|Any CPU
		{AE706706-BF9C-48DF-8986-3D21F72DCDFA}.Release|Any CPU.Build.0 = Release|Any CPU
	EndGlobalSection
	GlobalSection(SolutionProperties) = preSolution
		HideSolutionNode = FALSE
	EndGlobalSection
	GlobalSection(ExtensibilityGlobals) = postSolution
		SolutionGuid = {DA0DBA6F-7427-4250-9452-ABDEEE34A4BE}
	EndGlobalSection
EndGlobal
