
Microsoft Visual Studio Solution File, Format Version 12.00
# Visual Studio Version 16
VisualStudioVersion = 16.0.30413.136
MinimumVisualStudioVersion = 10.0.40219.1
Project("{FAE04EC0-301F-11D3-BF4B-00C04F79EFBC}") = "EX12", "EX12\EX12.csproj", "{F3AB21B5-3D8F-49CE-80D1-3F69ED0BDCC0}"
EndProject
Global
	GlobalSection(SolutionConfigurationPlatforms) = preSolution
		Debug|Any CPU = Debug|Any CPU
		Release|Any CPU = Release|Any CPU
	EndGlobalSection
	GlobalSection(ProjectConfigurationPlatforms) = postSolution
		{F3AB21B5-3D8F-49CE-80D1-3F69ED0BDCC0}.Debug|Any CPU.ActiveCfg = Debug|Any CPU
		{F3AB21B5-3D8F-49CE-80D1-3F69ED0BDCC0}.Debug|Any CPU.Build.0 = Debug|Any CPU
		{F3AB21B5-3D8F-49CE-80D1-3F69ED0BDCC0}.Release|Any CPU.ActiveCfg = Release|Any CPU
		{F3AB21B5-3D8F-49CE-80D1-3F69ED0BDCC0}.Release|Any CPU.Build.0 = Release|Any CPU
	EndGlobalSection
	GlobalSection(SolutionProperties) = preSolution
		HideSolutionNode = FALSE
	EndGlobalSection
	GlobalSection(ExtensibilityGlobals) = postSolution
		SolutionGuid = {8D4EEE47-0682-45A7-B61D-2FAEEB918546}
	EndGlobalSection
EndGlobal
