
Microsoft Visual Studio Solution File, Format Version 12.00
# Visual Studio Version 16
VisualStudioVersion = 16.0.30413.136
MinimumVisualStudioVersion = 10.0.40219.1
Project("{FAE04EC0-301F-11D3-BF4B-00C04F79EFBC}") = "EX3", "EX3\EX3.csproj", "{FA8BE8C2-460E-46B8-8033-DEA06EF5E359}"
EndProject
Project("{FAE04EC0-301F-11D3-BF4B-00C04F79EFBC}") = "EX2", "EX2\EX2.csproj", "{D01B3838-1ADE-4E22-A2BC-4A828017A000}"
EndProject
Global
	GlobalSection(SolutionConfigurationPlatforms) = preSolution
		Debug|Any CPU = Debug|Any CPU
		Release|Any CPU = Release|Any CPU
	EndGlobalSection
	GlobalSection(ProjectConfigurationPlatforms) = postSolution
		{FA8BE8C2-460E-46B8-8033-DEA06EF5E359}.Debug|Any CPU.ActiveCfg = Debug|Any CPU
		{FA8BE8C2-460E-46B8-8033-DEA06EF5E359}.Debug|Any CPU.Build.0 = Debug|Any CPU
		{FA8BE8C2-460E-46B8-8033-DEA06EF5E359}.Release|Any CPU.ActiveCfg = Release|Any CPU
		{FA8BE8C2-460E-46B8-8033-DEA06EF5E359}.Release|Any CPU.Build.0 = Release|Any CPU
		{D01B3838-1ADE-4E22-A2BC-4A828017A000}.Debug|Any CPU.ActiveCfg = Debug|Any CPU
		{D01B3838-1ADE-4E22-A2BC-4A828017A000}.Debug|Any CPU.Build.0 = Debug|Any CPU
		{D01B3838-1ADE-4E22-A2BC-4A828017A000}.Release|Any CPU.ActiveCfg = Release|Any CPU
		{D01B3838-1ADE-4E22-A2BC-4A828017A000}.Release|Any CPU.Build.0 = Release|Any CPU
	EndGlobalSection
	GlobalSection(SolutionProperties) = preSolution
		HideSolutionNode = FALSE
	EndGlobalSection
	GlobalSection(ExtensibilityGlobals) = postSolution
		SolutionGuid = {74839F72-2FA3-40E7-8BBB-B373E3C5BD8D}
	EndGlobalSection
EndGlobal
