
Microsoft Visual Studio Solution File, Format Version 12.00
# Visual Studio Version 16
VisualStudioVersion = 16.0.31105.61
MinimumVisualStudioVersion = 10.0.40219.1
Project("{FAE04EC0-301F-11D3-BF4B-00C04F79EFBC}") = "LinqÖvningar", "LinqÖvningar\LinqÖvningar.csproj", "{531398CE-0C4C-46F4-AEC8-41567EFCE1FC}"
EndProject
Global
	GlobalSection(SolutionConfigurationPlatforms) = preSolution
		Debug|Any CPU = Debug|Any CPU
		Release|Any CPU = Release|Any CPU
	EndGlobalSection
	GlobalSection(ProjectConfigurationPlatforms) = postSolution
		{531398CE-0C4C-46F4-AEC8-41567EFCE1FC}.Debug|Any CPU.ActiveCfg = Debug|Any CPU
		{531398CE-0C4C-46F4-AEC8-41567EFCE1FC}.Debug|Any CPU.Build.0 = Debug|Any CPU
		{531398CE-0C4C-46F4-AEC8-41567EFCE1FC}.Release|Any CPU.ActiveCfg = Release|Any CPU
		{531398CE-0C4C-46F4-AEC8-41567EFCE1FC}.Release|Any CPU.Build.0 = Release|Any CPU
	EndGlobalSection
	GlobalSection(SolutionProperties) = preSolution
		HideSolutionNode = FALSE
	EndGlobalSection
	GlobalSection(ExtensibilityGlobals) = postSolution
		SolutionGuid = {DD3B6C44-C6D7-497C-8729-B98F6D022395}
	EndGlobalSection
EndGlobal
