
Microsoft Visual Studio Solution File, Format Version 12.00
# Visual Studio Version 16
VisualStudioVersion = 16.0.31624.102
MinimumVisualStudioVersion = 10.0.40219.1
Project("{9A19103F-16F7-4668-BE54-9A1E7A4F7556}") = "DadJokeGenerator.UI", "DadJokeGenerator.UI\DadJokeGenerator.UI.csproj", "{CA1D689F-288A-4A93-80FA-EA78D40EF1A4}"
EndProject
Project("{9A19103F-16F7-4668-BE54-9A1E7A4F7556}") = "DadJokeGenerator.Data", "DadJokeGenerator.Data\DadJokeGenerator.Data.csproj", "{BAF18B7D-89C5-44EB-9BB4-87F38F506975}"
EndProject
Project("{9A19103F-16F7-4668-BE54-9A1E7A4F7556}") = "DadJokeGenerator.App", "DadJokeGenerator.App\DadJokeGenerator.App.csproj", "{C9C4D7FF-8BAB-460A-8634-D07A26C2C184}"
EndProject
Project("{FAE04EC0-301F-11D3-BF4B-00C04F79EFBC}") = "DadJokeGenerator.API", "DadJokeGenerator.API\DadJokeGenerator.API.csproj", "{430A05CD-BDBB-4085-AFA8-A7583629A963}"
EndProject
Global
	GlobalSection(SolutionConfigurationPlatforms) = preSolution
		Debug|Any CPU = Debug|Any CPU
		Release|Any CPU = Release|Any CPU
	EndGlobalSection
	GlobalSection(ProjectConfigurationPlatforms) = postSolution
		{CA1D689F-288A-4A93-80FA-EA78D40EF1A4}.Debug|Any CPU.ActiveCfg = Debug|Any CPU
		{CA1D689F-288A-4A93-80FA-EA78D40EF1A4}.Debug|Any CPU.Build.0 = Debug|Any CPU
		{CA1D689F-288A-4A93-80FA-EA78D40EF1A4}.Release|Any CPU.ActiveCfg = Release|Any CPU
		{CA1D689F-288A-4A93-80FA-EA78D40EF1A4}.Release|Any CPU.Build.0 = Release|Any CPU
		{BAF18B7D-89C5-44EB-9BB4-87F38F506975}.Debug|Any CPU.ActiveCfg = Debug|Any CPU
		{BAF18B7D-89C5-44EB-9BB4-87F38F506975}.Debug|Any CPU.Build.0 = Debug|Any CPU
		{BAF18B7D-89C5-44EB-9BB4-87F38F506975}.Release|Any CPU.ActiveCfg = Release|Any CPU
		{BAF18B7D-89C5-44EB-9BB4-87F38F506975}.Release|Any CPU.Build.0 = Release|Any CPU
		{C9C4D7FF-8BAB-460A-8634-D07A26C2C184}.Debug|Any CPU.ActiveCfg = Debug|Any CPU
		{C9C4D7FF-8BAB-460A-8634-D07A26C2C184}.Debug|Any CPU.Build.0 = Debug|Any CPU
		{C9C4D7FF-8BAB-460A-8634-D07A26C2C184}.Release|Any CPU.ActiveCfg = Release|Any CPU
		{C9C4D7FF-8BAB-460A-8634-D07A26C2C184}.Release|Any CPU.Build.0 = Release|Any CPU
		{430A05CD-BDBB-4085-AFA8-A7583629A963}.Debug|Any CPU.ActiveCfg = Debug|Any CPU
		{430A05CD-BDBB-4085-AFA8-A7583629A963}.Debug|Any CPU.Build.0 = Debug|Any CPU
		{430A05CD-BDBB-4085-AFA8-A7583629A963}.Release|Any CPU.ActiveCfg = Release|Any CPU
		{430A05CD-BDBB-4085-AFA8-A7583629A963}.Release|Any CPU.Build.0 = Release|Any CPU
	EndGlobalSection
	GlobalSection(SolutionProperties) = preSolution
		HideSolutionNode = FALSE
	EndGlobalSection
	GlobalSection(ExtensibilityGlobals) = postSolution
		SolutionGuid = {02CD4736-3AA8-4DF9-96C8-40C73C53E3EC}
	EndGlobalSection
EndGlobal
