
Microsoft Visual Studio Solution File, Format Version 12.00
# Visual Studio Version 16
VisualStudioVersion = 16.0.30413.136
MinimumVisualStudioVersion = 10.0.40219.1
Project("{FAE04EC0-301F-11D3-BF4B-00C04F79EFBC}") = "Conditional Statements", "Conditional Statements\Conditional Statements.csproj", "{4C1A5AF6-FC86-4633-A2DA-6BD25251A494}"
EndProject
Project("{FAE04EC0-301F-11D3-BF4B-00C04F79EFBC}") = "EX1", "EX1\EX1.csproj", "{48768868-C9FA-41A1-9283-DAA5626C6581}"
EndProject
Project("{FAE04EC0-301F-11D3-BF4B-00C04F79EFBC}") = "EX2", "EX2\EX2.csproj", "{5AA595A8-55C6-46B2-846F-D74976CD08E0}"
EndProject
Global
	GlobalSection(SolutionConfigurationPlatforms) = preSolution
		Debug|Any CPU = Debug|Any CPU
		Release|Any CPU = Release|Any CPU
	EndGlobalSection
	GlobalSection(ProjectConfigurationPlatforms) = postSolution
		{4C1A5AF6-FC86-4633-A2DA-6BD25251A494}.Debug|Any CPU.ActiveCfg = Debug|Any CPU
		{4C1A5AF6-FC86-4633-A2DA-6BD25251A494}.Debug|Any CPU.Build.0 = Debug|Any CPU
		{4C1A5AF6-FC86-4633-A2DA-6BD25251A494}.Release|Any CPU.ActiveCfg = Release|Any CPU
		{4C1A5AF6-FC86-4633-A2DA-6BD25251A494}.Release|Any CPU.Build.0 = Release|Any CPU
		{48768868-C9FA-41A1-9283-DAA5626C6581}.Debug|Any CPU.ActiveCfg = Debug|Any CPU
		{48768868-C9FA-41A1-9283-DAA5626C6581}.Debug|Any CPU.Build.0 = Debug|Any CPU
		{48768868-C9FA-41A1-9283-DAA5626C6581}.Release|Any CPU.ActiveCfg = Release|Any CPU
		{48768868-C9FA-41A1-9283-DAA5626C6581}.Release|Any CPU.Build.0 = Release|Any CPU
		{5AA595A8-55C6-46B2-846F-D74976CD08E0}.Debug|Any CPU.ActiveCfg = Debug|Any CPU
		{5AA595A8-55C6-46B2-846F-D74976CD08E0}.Debug|Any CPU.Build.0 = Debug|Any CPU
		{5AA595A8-55C6-46B2-846F-D74976CD08E0}.Release|Any CPU.ActiveCfg = Release|Any CPU
		{5AA595A8-55C6-46B2-846F-D74976CD08E0}.Release|Any CPU.Build.0 = Release|Any CPU
	EndGlobalSection
	GlobalSection(SolutionProperties) = preSolution
		HideSolutionNode = FALSE
	EndGlobalSection
	GlobalSection(ExtensibilityGlobals) = postSolution
		SolutionGuid = {669D3B76-5ECC-44D0-B2E5-BCDF58ACC524}
	EndGlobalSection
EndGlobal
