
Microsoft Visual Studio Solution File, Format Version 12.00
# Visual Studio Version 16
VisualStudioVersion = 16.0.30413.136
MinimumVisualStudioVersion = 10.0.40219.1
Project("{FAE04EC0-301F-11D3-BF4B-00C04F79EFBC}") = "EX2", "Strings and Text Processing\EX2.csproj", "{DE0ABB9E-0B34-4503-A181-A6FB9B840E8D}"
EndProject
Project("{FAE04EC0-301F-11D3-BF4B-00C04F79EFBC}") = "EX3", "EX3\EX3.csproj", "{999F679F-7671-424F-8556-6A67F55D3980}"
EndProject
Project("{FAE04EC0-301F-11D3-BF4B-00C04F79EFBC}") = "EX4", "EX4\EX4.csproj", "{6502C001-E38E-4CAA-AA1E-2EA66FC2D11D}"
EndProject
Project("{FAE04EC0-301F-11D3-BF4B-00C04F79EFBC}") = "EX5", "EX5\EX5.csproj", "{758CB4CB-7A3B-4831-BB37-FF2D995B5760}"
EndProject
Project("{FAE04EC0-301F-11D3-BF4B-00C04F79EFBC}") = "EX6", "EX6\EX6.csproj", "{97902A22-3335-4BF3-8E1A-67D11D7DA769}"
EndProject
Project("{FAE04EC0-301F-11D3-BF4B-00C04F79EFBC}") = "EX7", "EX7\EX7.csproj", "{3240AC5F-BA66-43A6-9B6E-FE7DBC24488A}"
EndProject
Project("{FAE04EC0-301F-11D3-BF4B-00C04F79EFBC}") = "EX8", "EX8\EX8.csproj", "{1A0F3AE7-94A4-4138-BA99-442BFC460272}"
EndProject
Project("{FAE04EC0-301F-11D3-BF4B-00C04F79EFBC}") = "EX9", "EX9\EX9.csproj", "{95FF0C5B-953A-4073-AA5D-8AF91C40816F}"
EndProject
Project("{FAE04EC0-301F-11D3-BF4B-00C04F79EFBC}") = "EX10", "EX10\EX10.csproj", "{6477F85D-1DB5-4EFB-9470-E00320A4A091}"
EndProject
Project("{FAE04EC0-301F-11D3-BF4B-00C04F79EFBC}") = "EX11", "EX11\EX11.csproj", "{FC79F24E-D045-4513-B27E-6691B32B674B}"
EndProject
Global
	GlobalSection(SolutionConfigurationPlatforms) = preSolution
		Debug|Any CPU = Debug|Any CPU
		Release|Any CPU = Release|Any CPU
	EndGlobalSection
	GlobalSection(ProjectConfigurationPlatforms) = postSolution
		{DE0ABB9E-0B34-4503-A181-A6FB9B840E8D}.Debug|Any CPU.ActiveCfg = Debug|Any CPU
		{DE0ABB9E-0B34-4503-A181-A6FB9B840E8D}.Debug|Any CPU.Build.0 = Debug|Any CPU
		{DE0ABB9E-0B34-4503-A181-A6FB9B840E8D}.Release|Any CPU.ActiveCfg = Release|Any CPU
		{DE0ABB9E-0B34-4503-A181-A6FB9B840E8D}.Release|Any CPU.Build.0 = Release|Any CPU
		{999F679F-7671-424F-8556-6A67F55D3980}.Debug|Any CPU.ActiveCfg = Debug|Any CPU
		{999F679F-7671-424F-8556-6A67F55D3980}.Debug|Any CPU.Build.0 = Debug|Any CPU
		{999F679F-7671-424F-8556-6A67F55D3980}.Release|Any CPU.ActiveCfg = Release|Any CPU
		{999F679F-7671-424F-8556-6A67F55D3980}.Release|Any CPU.Build.0 = Release|Any CPU
		{6502C001-E38E-4CAA-AA1E-2EA66FC2D11D}.Debug|Any CPU.ActiveCfg = Debug|Any CPU
		{6502C001-E38E-4CAA-AA1E-2EA66FC2D11D}.Debug|Any CPU.Build.0 = Debug|Any CPU
		{6502C001-E38E-4CAA-AA1E-2EA66FC2D11D}.Release|Any CPU.ActiveCfg = Release|Any CPU
		{6502C001-E38E-4CAA-AA1E-2EA66FC2D11D}.Release|Any CPU.Build.0 = Release|Any CPU
		{758CB4CB-7A3B-4831-BB37-FF2D995B5760}.Debug|Any CPU.ActiveCfg = Debug|Any CPU
		{758CB4CB-7A3B-4831-BB37-FF2D995B5760}.Debug|Any CPU.Build.0 = Debug|Any CPU
		{758CB4CB-7A3B-4831-BB37-FF2D995B5760}.Release|Any CPU.ActiveCfg = Release|Any CPU
		{758CB4CB-7A3B-4831-BB37-FF2D995B5760}.Release|Any CPU.Build.0 = Release|Any CPU
		{97902A22-3335-4BF3-8E1A-67D11D7DA769}.Debug|Any CPU.ActiveCfg = Debug|Any CPU
		{97902A22-3335-4BF3-8E1A-67D11D7DA769}.Debug|Any CPU.Build.0 = Debug|Any CPU
		{97902A22-3335-4BF3-8E1A-67D11D7DA769}.Release|Any CPU.ActiveCfg = Release|Any CPU
		{97902A22-3335-4BF3-8E1A-67D11D7DA769}.Release|Any CPU.Build.0 = Release|Any CPU
		{3240AC5F-BA66-43A6-9B6E-FE7DBC24488A}.Debug|Any CPU.ActiveCfg = Debug|Any CPU
		{3240AC5F-BA66-43A6-9B6E-FE7DBC24488A}.Debug|Any CPU.Build.0 = Debug|Any CPU
		{3240AC5F-BA66-43A6-9B6E-FE7DBC24488A}.Release|Any CPU.ActiveCfg = Release|Any CPU
		{3240AC5F-BA66-43A6-9B6E-FE7DBC24488A}.Release|Any CPU.Build.0 = Release|Any CPU
		{1A0F3AE7-94A4-4138-BA99-442BFC460272}.Debug|Any CPU.ActiveCfg = Debug|Any CPU
		{1A0F3AE7-94A4-4138-BA99-442BFC460272}.Debug|Any CPU.Build.0 = Debug|Any CPU
		{1A0F3AE7-94A4-4138-BA99-442BFC460272}.Release|Any CPU.ActiveCfg = Release|Any CPU
		{1A0F3AE7-94A4-4138-BA99-442BFC460272}.Release|Any CPU.Build.0 = Release|Any CPU
		{95FF0C5B-953A-4073-AA5D-8AF91C40816F}.Debug|Any CPU.ActiveCfg = Debug|Any CPU
		{95FF0C5B-953A-4073-AA5D-8AF91C40816F}.Debug|Any CPU.Build.0 = Debug|Any CPU
		{95FF0C5B-953A-4073-AA5D-8AF91C40816F}.Release|Any CPU.ActiveCfg = Release|Any CPU
		{95FF0C5B-953A-4073-AA5D-8AF91C40816F}.Release|Any CPU.Build.0 = Release|Any CPU
		{6477F85D-1DB5-4EFB-9470-E00320A4A091}.Debug|Any CPU.ActiveCfg = Debug|Any CPU
		{6477F85D-1DB5-4EFB-9470-E00320A4A091}.Debug|Any CPU.Build.0 = Debug|Any CPU
		{6477F85D-1DB5-4EFB-9470-E00320A4A091}.Release|Any CPU.ActiveCfg = Release|Any CPU
		{6477F85D-1DB5-4EFB-9470-E00320A4A091}.Release|Any CPU.Build.0 = Release|Any CPU
		{FC79F24E-D045-4513-B27E-6691B32B674B}.Debug|Any CPU.ActiveCfg = Debug|Any CPU
		{FC79F24E-D045-4513-B27E-6691B32B674B}.Debug|Any CPU.Build.0 = Debug|Any CPU
		{FC79F24E-D045-4513-B27E-6691B32B674B}.Release|Any CPU.ActiveCfg = Release|Any CPU
		{FC79F24E-D045-4513-B27E-6691B32B674B}.Release|Any CPU.Build.0 = Release|Any CPU
	EndGlobalSection
	GlobalSection(SolutionProperties) = preSolution
		HideSolutionNode = FALSE
	EndGlobalSection
	GlobalSection(ExtensibilityGlobals) = postSolution
		SolutionGuid = {723EE7DB-E73E-4E5D-B304-7A608287A928}
	EndGlobalSection
EndGlobal
