
Microsoft Visual Studio Solution File, Format Version 12.00
# Visual Studio Version 16
VisualStudioVersion = 16.0.31624.102
MinimumVisualStudioVersion = 10.0.40219.1
Project("{FAE04EC0-301F-11D3-BF4B-00C04F79EFBC}") = "ChuckNorrisFactGenerator", "ChuckNorrisFactGenerator\ChuckNorrisFactGenerator.csproj", "{A127FFFA-D3FB-463C-A802-17996899CB32}"
EndProject
Global
	GlobalSection(SolutionConfigurationPlatforms) = preSolution
		Debug|Any CPU = Debug|Any CPU
		Release|Any CPU = Release|Any CPU
	EndGlobalSection
	GlobalSection(ProjectConfigurationPlatforms) = postSolution
		{A127FFFA-D3FB-463C-A802-17996899CB32}.Debug|Any CPU.ActiveCfg = Debug|Any CPU
		{A127FFFA-D3FB-463C-A802-17996899CB32}.Debug|Any CPU.Build.0 = Debug|Any CPU
		{A127FFFA-D3FB-463C-A802-17996899CB32}.Release|Any CPU.ActiveCfg = Release|Any CPU
		{A127FFFA-D3FB-463C-A802-17996899CB32}.Release|Any CPU.Build.0 = Release|Any CPU
	EndGlobalSection
	GlobalSection(SolutionProperties) = preSolution
		HideSolutionNode = FALSE
	EndGlobalSection
	GlobalSection(ExtensibilityGlobals) = postSolution
		SolutionGuid = {76139237-6E07-488F-9F2F-BFEF0F6C0AD8}
	EndGlobalSection
EndGlobal
