
Microsoft Visual Studio Solution File, Format Version 12.00
# Visual Studio Version 16
VisualStudioVersion = 16.0.30907.101
MinimumVisualStudioVersion = 10.0.40219.1
Project("{FAE04EC0-301F-11D3-BF4B-00C04F79EFBC}") = "PaulsProParking", "PaulsProParking\PaulsProParking.csproj", "{156ADC19-6D80-4CE4-AC58-93D4C46EFCB3}"
EndProject
Project("{FAE04EC0-301F-11D3-BF4B-00C04F79EFBC}") = "BackEnd", "BackEnd\BackEnd.csproj", "{49D73B94-3A81-4AFD-9CFF-2888C4D77439}"
EndProject
Global
	GlobalSection(SolutionConfigurationPlatforms) = preSolution
		Debug|Any CPU = Debug|Any CPU
		Release|Any CPU = Release|Any CPU
	EndGlobalSection
	GlobalSection(ProjectConfigurationPlatforms) = postSolution
		{156ADC19-6D80-4CE4-AC58-93D4C46EFCB3}.Debug|Any CPU.ActiveCfg = Debug|Any CPU
		{156ADC19-6D80-4CE4-AC58-93D4C46EFCB3}.Debug|Any CPU.Build.0 = Debug|Any CPU
		{156ADC19-6D80-4CE4-AC58-93D4C46EFCB3}.Release|Any CPU.ActiveCfg = Release|Any CPU
		{156ADC19-6D80-4CE4-AC58-93D4C46EFCB3}.Release|Any CPU.Build.0 = Release|Any CPU
		{49D73B94-3A81-4AFD-9CFF-2888C4D77439}.Debug|Any CPU.ActiveCfg = Debug|Any CPU
		{49D73B94-3A81-4AFD-9CFF-2888C4D77439}.Debug|Any CPU.Build.0 = Debug|Any CPU
		{49D73B94-3A81-4AFD-9CFF-2888C4D77439}.Release|Any CPU.ActiveCfg = Release|Any CPU
		{49D73B94-3A81-4AFD-9CFF-2888C4D77439}.Release|Any CPU.Build.0 = Release|Any CPU
	EndGlobalSection
	GlobalSection(SolutionProperties) = preSolution
		HideSolutionNode = FALSE
	EndGlobalSection
	GlobalSection(ExtensibilityGlobals) = postSolution
		SolutionGuid = {8F61B781-9887-43B8-9B1F-09E9F921EFE2}
	EndGlobalSection
EndGlobal
