
Microsoft Visual Studio Solution File, Format Version 12.00
# Visual Studio Version 16
VisualStudioVersion = 16.0.30413.136
MinimumVisualStudioVersion = 10.0.40219.1
Project("{FAE04EC0-301F-11D3-BF4B-00C04F79EFBC}") = "Pauls Pro Parking 2.0", "Pauls Pro Parking 2.0\Pauls Pro Parking 2.0.csproj", "{9C21B143-F695-4BD8-A54B-01B6FB94D5A7}"
EndProject
Global
	GlobalSection(SolutionConfigurationPlatforms) = preSolution
		Debug|Any CPU = Debug|Any CPU
		Release|Any CPU = Release|Any CPU
	EndGlobalSection
	GlobalSection(ProjectConfigurationPlatforms) = postSolution
		{9C21B143-F695-4BD8-A54B-01B6FB94D5A7}.Debug|Any CPU.ActiveCfg = Debug|Any CPU
		{9C21B143-F695-4BD8-A54B-01B6FB94D5A7}.Debug|Any CPU.Build.0 = Debug|Any CPU
		{9C21B143-F695-4BD8-A54B-01B6FB94D5A7}.Release|Any CPU.ActiveCfg = Release|Any CPU
		{9C21B143-F695-4BD8-A54B-01B6FB94D5A7}.Release|Any CPU.Build.0 = Release|Any CPU
	EndGlobalSection
	GlobalSection(SolutionProperties) = preSolution
		HideSolutionNode = FALSE
	EndGlobalSection
	GlobalSection(ExtensibilityGlobals) = postSolution
		SolutionGuid = {10028D98-D841-4C2B-8EB2-C409C9057225}
	EndGlobalSection
EndGlobal
