
Microsoft Visual Studio Solution File, Format Version 12.00
# Visual Studio Version 16
VisualStudioVersion = 16.0.30413.136
MinimumVisualStudioVersion = 10.0.40219.1
Project("{FAE04EC0-301F-11D3-BF4B-00C04F79EFBC}") = "EX4", "EX4\EX4.csproj", "{7330DA43-6218-4A3C-B0B1-3CD566237EF3}"
EndProject
Project("{FAE04EC0-301F-11D3-BF4B-00C04F79EFBC}") = "EX1", "EX1\EX1.csproj", "{94FF6826-21A2-4C90-A50E-1EC356DC9BFE}"
EndProject
Project("{FAE04EC0-301F-11D3-BF4B-00C04F79EFBC}") = "EX2", "EX2\EX2.csproj", "{A499E57B-09B9-4625-A958-75EB395E39D1}"
EndProject
Project("{FAE04EC0-301F-11D3-BF4B-00C04F79EFBC}") = "EX3", "EX3\EX3.csproj", "{C8BC7050-2B05-451D-B1C9-A828C8F22396}"
EndProject
Project("{FAE04EC0-301F-11D3-BF4B-00C04F79EFBC}") = "EX5", "EX5\EX5.csproj", "{F9FD4D47-558D-40AA-ABCB-78DD2D50F3A5}"
EndProject
Global
	GlobalSection(SolutionConfigurationPlatforms) = preSolution
		Debug|Any CPU = Debug|Any CPU
		Release|Any CPU = Release|Any CPU
	EndGlobalSection
	GlobalSection(ProjectConfigurationPlatforms) = postSolution
		{7330DA43-6218-4A3C-B0B1-3CD566237EF3}.Debug|Any CPU.ActiveCfg = Debug|Any CPU
		{7330DA43-6218-4A3C-B0B1-3CD566237EF3}.Debug|Any CPU.Build.0 = Debug|Any CPU
		{7330DA43-6218-4A3C-B0B1-3CD566237EF3}.Release|Any CPU.ActiveCfg = Release|Any CPU
		{7330DA43-6218-4A3C-B0B1-3CD566237EF3}.Release|Any CPU.Build.0 = Release|Any CPU
		{94FF6826-21A2-4C90-A50E-1EC356DC9BFE}.Debug|Any CPU.ActiveCfg = Debug|Any CPU
		{94FF6826-21A2-4C90-A50E-1EC356DC9BFE}.Debug|Any CPU.Build.0 = Debug|Any CPU
		{94FF6826-21A2-4C90-A50E-1EC356DC9BFE}.Release|Any CPU.ActiveCfg = Release|Any CPU
		{94FF6826-21A2-4C90-A50E-1EC356DC9BFE}.Release|Any CPU.Build.0 = Release|Any CPU
		{A499E57B-09B9-4625-A958-75EB395E39D1}.Debug|Any CPU.ActiveCfg = Debug|Any CPU
		{A499E57B-09B9-4625-A958-75EB395E39D1}.Debug|Any CPU.Build.0 = Debug|Any CPU
		{A499E57B-09B9-4625-A958-75EB395E39D1}.Release|Any CPU.ActiveCfg = Release|Any CPU
		{A499E57B-09B9-4625-A958-75EB395E39D1}.Release|Any CPU.Build.0 = Release|Any CPU
		{C8BC7050-2B05-451D-B1C9-A828C8F22396}.Debug|Any CPU.ActiveCfg = Debug|Any CPU
		{C8BC7050-2B05-451D-B1C9-A828C8F22396}.Debug|Any CPU.Build.0 = Debug|Any CPU
		{C8BC7050-2B05-451D-B1C9-A828C8F22396}.Release|Any CPU.ActiveCfg = Release|Any CPU
		{C8BC7050-2B05-451D-B1C9-A828C8F22396}.Release|Any CPU.Build.0 = Release|Any CPU
		{F9FD4D47-558D-40AA-ABCB-78DD2D50F3A5}.Debug|Any CPU.ActiveCfg = Debug|Any CPU
		{F9FD4D47-558D-40AA-ABCB-78DD2D50F3A5}.Debug|Any CPU.Build.0 = Debug|Any CPU
		{F9FD4D47-558D-40AA-ABCB-78DD2D50F3A5}.Release|Any CPU.ActiveCfg = Release|Any CPU
		{F9FD4D47-558D-40AA-ABCB-78DD2D50F3A5}.Release|Any CPU.Build.0 = Release|Any CPU
	EndGlobalSection
	GlobalSection(SolutionProperties) = preSolution
		HideSolutionNode = FALSE
	EndGlobalSection
	GlobalSection(ExtensibilityGlobals) = postSolution
		SolutionGuid = {D2E16A9F-A116-457D-86D4-646B8B6BE23A}
	EndGlobalSection
EndGlobal
