
Microsoft Visual Studio Solution File, Format Version 12.00
# Visual Studio Version 16
VisualStudioVersion = 16.0.30413.136
MinimumVisualStudioVersion = 10.0.40219.1
Project("{FAE04EC0-301F-11D3-BF4B-00C04F79EFBC}") = "EX1", "EX1\EX1.csproj", "{FAB141ED-5FE6-4EEB-B0B1-C9302964B0BA}"
EndProject
Project("{FAE04EC0-301F-11D3-BF4B-00C04F79EFBC}") = "EX1 b", "EX1 b\EX1 b.csproj", "{802C3BC2-F2DE-4901-8CB9-015EAA9035CF}"
EndProject
Project("{FAE04EC0-301F-11D3-BF4B-00C04F79EFBC}") = "EX2", "EX2\EX2.csproj", "{990FBBBF-7F70-4E72-BBF5-F63D8F476181}"
EndProject
Project("{FAE04EC0-301F-11D3-BF4B-00C04F79EFBC}") = "EX4", "EX4\EX4.csproj", "{9C8D8CF9-F8DA-4256-8CA7-772C82D75D60}"
EndProject
Global
	GlobalSection(SolutionConfigurationPlatforms) = preSolution
		Debug|Any CPU = Debug|Any CPU
		Release|Any CPU = Release|Any CPU
	EndGlobalSection
	GlobalSection(ProjectConfigurationPlatforms) = postSolution
		{FAB141ED-5FE6-4EEB-B0B1-C9302964B0BA}.Debug|Any CPU.ActiveCfg = Debug|Any CPU
		{FAB141ED-5FE6-4EEB-B0B1-C9302964B0BA}.Debug|Any CPU.Build.0 = Debug|Any CPU
		{FAB141ED-5FE6-4EEB-B0B1-C9302964B0BA}.Release|Any CPU.ActiveCfg = Release|Any CPU
		{FAB141ED-5FE6-4EEB-B0B1-C9302964B0BA}.Release|Any CPU.Build.0 = Release|Any CPU
		{802C3BC2-F2DE-4901-8CB9-015EAA9035CF}.Debug|Any CPU.ActiveCfg = Debug|Any CPU
		{802C3BC2-F2DE-4901-8CB9-015EAA9035CF}.Debug|Any CPU.Build.0 = Debug|Any CPU
		{802C3BC2-F2DE-4901-8CB9-015EAA9035CF}.Release|Any CPU.ActiveCfg = Release|Any CPU
		{802C3BC2-F2DE-4901-8CB9-015EAA9035CF}.Release|Any CPU.Build.0 = Release|Any CPU
		{990FBBBF-7F70-4E72-BBF5-F63D8F476181}.Debug|Any CPU.ActiveCfg = Debug|Any CPU
		{990FBBBF-7F70-4E72-BBF5-F63D8F476181}.Debug|Any CPU.Build.0 = Debug|Any CPU
		{990FBBBF-7F70-4E72-BBF5-F63D8F476181}.Release|Any CPU.ActiveCfg = Release|Any CPU
		{990FBBBF-7F70-4E72-BBF5-F63D8F476181}.Release|Any CPU.Build.0 = Release|Any CPU
		{9C8D8CF9-F8DA-4256-8CA7-772C82D75D60}.Debug|Any CPU.ActiveCfg = Debug|Any CPU
		{9C8D8CF9-F8DA-4256-8CA7-772C82D75D60}.Debug|Any CPU.Build.0 = Debug|Any CPU
		{9C8D8CF9-F8DA-4256-8CA7-772C82D75D60}.Release|Any CPU.ActiveCfg = Release|Any CPU
		{9C8D8CF9-F8DA-4256-8CA7-772C82D75D60}.Release|Any CPU.Build.0 = Release|Any CPU
	EndGlobalSection
	GlobalSection(SolutionProperties) = preSolution
		HideSolutionNode = FALSE
	EndGlobalSection
	GlobalSection(ExtensibilityGlobals) = postSolution
		SolutionGuid = {2736DCC7-2470-4E93-985F-F6DA5A7B15FA}
	EndGlobalSection
EndGlobal
