
Microsoft Visual Studio Solution File, Format Version 12.00
# Visual Studio Version 16
VisualStudioVersion = 16.0.30907.101
MinimumVisualStudioVersion = 10.0.40219.1
Project("{FAE04EC0-301F-11D3-BF4B-00C04F79EFBC}") = "Delegates", "Delegates\Delegates.csproj", "{DEC0FD3D-2FB7-4275-AF56-44E6AA1338FA}"
EndProject
Global
	GlobalSection(SolutionConfigurationPlatforms) = preSolution
		Debug|Any CPU = Debug|Any CPU
		Release|Any CPU = Release|Any CPU
	EndGlobalSection
	GlobalSection(ProjectConfigurationPlatforms) = postSolution
		{DEC0FD3D-2FB7-4275-AF56-44E6AA1338FA}.Debug|Any CPU.ActiveCfg = Debug|Any CPU
		{DEC0FD3D-2FB7-4275-AF56-44E6AA1338FA}.Debug|Any CPU.Build.0 = Debug|Any CPU
		{DEC0FD3D-2FB7-4275-AF56-44E6AA1338FA}.Release|Any CPU.ActiveCfg = Release|Any CPU
		{DEC0FD3D-2FB7-4275-AF56-44E6AA1338FA}.Release|Any CPU.Build.0 = Release|Any CPU
	EndGlobalSection
	GlobalSection(SolutionProperties) = preSolution
		HideSolutionNode = FALSE
	EndGlobalSection
	GlobalSection(ExtensibilityGlobals) = postSolution
		SolutionGuid = {AA3E6B97-F834-4063-A8C8-0CD9EECA79AD}
	EndGlobalSection
EndGlobal
